
Microsoft Visual Studio Solution File, Format Version 12.00
# Visual Studio Version 17
VisualStudioVersion = 17.1.32210.238
MinimumVisualStudioVersion = 10.0.40219.1
Project("{FAE04EC0-301F-11D3-BF4B-00C04F79EFBC}") = "RepositoryProject", "RepositoryProject\RepositoryProject.csproj", "{F3F917E8-79CF-4EE9-9C16-85AD7270C892}"
EndProject
Global
	GlobalSection(SolutionConfigurationPlatforms) = preSolution
		Debug|Any CPU = Debug|Any CPU
		Release|Any CPU = Release|Any CPU
	EndGlobalSection
	GlobalSection(ProjectConfigurationPlatforms) = postSolution
		{F3F917E8-79CF-4EE9-9C16-85AD7270C892}.Debug|Any CPU.ActiveCfg = Debug|Any CPU
		{F3F917E8-79CF-4EE9-9C16-85AD7270C892}.Debug|Any CPU.Build.0 = Debug|Any CPU
		{F3F917E8-79CF-4EE9-9C16-85AD7270C892}.Release|Any CPU.ActiveCfg = Release|Any CPU
		{F3F917E8-79CF-4EE9-9C16-85AD7270C892}.Release|Any CPU.Build.0 = Release|Any CPU
	EndGlobalSection
	GlobalSection(SolutionProperties) = preSolution
		HideSolutionNode = FALSE
	EndGlobalSection
	GlobalSection(ExtensibilityGlobals) = postSolution
		SolutionGuid = {88314DDA-6D72-4FAA-8459-6CA66CDEBDF6}
	EndGlobalSection
EndGlobal
